// !$*UTF8*$!
{
	archiveVersion = 1;
	classes = {
	};
	objectVersion = 56;
	objects = {

/* Begin PBXBuildFile section */
		312AAD632B441EAD001E0BD5 /* AppDelegate.swift in Sources */ = {isa = PBXBuildFile; fileRef = 312AAD622B441EAD001E0BD5 /* AppDelegate.swift */; };
		312AAD652B441EAD001E0BD5 /* SceneDelegate.swift in Sources */ = {isa = PBXBuildFile; fileRef = 312AAD642B441EAD001E0BD5 /* SceneDelegate.swift */; };
		312AAD6A2B441EAE001E0BD5 /* Main.storyboard in Resources */ = {isa = PBXBuildFile; fileRef = 312AAD682B441EAE001E0BD5 /* Main.storyboard */; };
		312AAD6C2B441EB0001E0BD5 /* Assets.xcassets in Resources */ = {isa = PBXBuildFile; fileRef = 312AAD6B2B441EB0001E0BD5 /* Assets.xcassets */; };
		312AAD6F2B441EB0001E0BD5 /* LaunchScreen.storyboard in Resources */ = {isa = PBXBuildFile; fileRef = 312AAD6D2B441EB0001E0BD5 /* LaunchScreen.storyboard */; };
		312AAD7A2B441EB0001E0BD5 /* newsTests.swift in Sources */ = {isa = PBXBuildFile; fileRef = 312AAD792B441EB0001E0BD5 /* newsTests.swift */; };
		312AAD842B441EB0001E0BD5 /* newsUITests.swift in Sources */ = {isa = PBXBuildFile; fileRef = 312AAD832B441EB0001E0BD5 /* newsUITests.swift */; };
		312AAD862B441EB0001E0BD5 /* newsUITestsLaunchTests.swift in Sources */ = {isa = PBXBuildFile; fileRef = 312AAD852B441EB0001E0BD5 /* newsUITestsLaunchTests.swift */; };
		312AAD932B4420B1001E0BD5 /* TabelTableViewController.swift in Sources */ = {isa = PBXBuildFile; fileRef = 312AAD922B4420B1001E0BD5 /* TabelTableViewController.swift */; };
		312AAD952B44217F001E0BD5 /* File.swift in Sources */ = {isa = PBXBuildFile; fileRef = 312AAD942B44217F001E0BD5 /* File.swift */; };
/* End PBXBuildFile section */

/* Begin PBXContainerItemProxy section */
		312AAD762B441EB0001E0BD5 /* PBXContainerItemProxy */ = {
			isa = PBXContainerItemProxy;
			containerPortal = 312AAD572B441EAD001E0BD5 /* Project object */;
			proxyType = 1;
			remoteGlobalIDString = 312AAD5E2B441EAD001E0BD5;
			remoteInfo = news;
		};
		312AAD802B441EB0001E0BD5 /* PBXContainerItemProxy */ = {
			isa = PBXContainerItemProxy;
			containerPortal = 312AAD572B441EAD001E0BD5 /* Project object */;
			proxyType = 1;
			remoteGlobalIDString = 312AAD5E2B441EAD001E0BD5;
			remoteInfo = news;
		};
/* End PBXContainerItemProxy section */

/* Begin PBXFileReference section */
		312AAD5F2B441EAD001E0BD5 /* news.app */ = {isa = PBXFileReference; explicitFileType = wrapper.application; includeInIndex = 0; path = news.app; sourceTree = BUILT_PRODUCTS_DIR; };
		312AAD622B441EAD001E0BD5 /* AppDelegate.swift */ = {isa = PBXFileReference; lastKnownFileType = sourcecode.swift; path = AppDelegate.swift; sourceTree = "<group>"; };
		312AAD642B441EAD001E0BD5 /* SceneDelegate.swift */ = {isa = PBXFileReference; lastKnownFileType = sourcecode.swift; path = SceneDelegate.swift; sourceTree = "<group>"; };
		312AAD692B441EAE001E0BD5 /* Base */ = {isa = PBXFileReference; lastKnownFileType = file.storyboard; name = Base; path = Base.lproj/Main.storyboard; sourceTree = "<group>"; };
		312AAD6B2B441EB0001E0BD5 /* Assets.xcassets */ = {isa = PBXFileReference; lastKnownFileType = folder.assetcatalog; path = Assets.xcassets; sourceTree = "<group>"; };
		312AAD6E2B441EB0001E0BD5 /* Base */ = {isa = PBXFileReference; lastKnownFileType = file.storyboard; name = Base; path = Base.lproj/LaunchScreen.storyboard; sourceTree = "<group>"; };
		312AAD702B441EB0001E0BD5 /* Info.plist */ = {isa = PBXFileReference; lastKnownFileType = text.plist.xml; path = Info.plist; sourceTree = "<group>"; };
		312AAD752B441EB0001E0BD5 /* newsTests.xctest */ = {isa = PBXFileReference; explicitFileType = wrapper.cfbundle; includeInIndex = 0; path = newsTests.xctest; sourceTree = BUILT_PRODUCTS_DIR; };
		312AAD792B441EB0001E0BD5 /* newsTests.swift */ = {isa = PBXFileReference; lastKnownFileType = sourcecode.swift; path = newsTests.swift; sourceTree = "<group>"; };
		312AAD7F2B441EB0001E0BD5 /* newsUITests.xctest */ = {isa = PBXFileReference; explicitFileType = wrapper.cfbundle; includeInIndex = 0; path = newsUITests.xctest; sourceTree = BUILT_PRODUCTS_DIR; };
		312AAD832B441EB0001E0BD5 /* newsUITests.swift */ = {isa = PBXFileReference; lastKnownFileType = sourcecode.swift; path = newsUITests.swift; sourceTree = "<group>"; };
		312AAD852B441EB0001E0BD5 /* newsUITestsLaunchTests.swift */ = {isa = PBXFileReference; lastKnownFileType = sourcecode.swift; path = newsUITestsLaunchTests.swift; sourceTree = "<group>"; };
		312AAD922B4420B1001E0BD5 /* TabelTableViewController.swift */ = {isa = PBXFileReference; lastKnownFileType = sourcecode.swift; path = TabelTableViewController.swift; sourceTree = "<group>"; };
		312AAD942B44217F001E0BD5 /* File.swift */ = {isa = PBXFileReference; lastKnownFileType = sourcecode.swift; path = File.swift; sourceTree = "<group>"; };
/* End PBXFileReference section */

/* Begin PBXFrameworksBuildPhase section */
		312AAD5C2B441EAD001E0BD5 /* Frameworks */ = {
			isa = PBXFrameworksBuildPhase;
			buildActionMask = 2147483647;
			files = (
			);
			runOnlyForDeploymentPostprocessing = 0;
		};
		312AAD722B441EB0001E0BD5 /* Frameworks */ = {
			isa = PBXFrameworksBuildPhase;
			buildActionMask = 2147483647;
			files = (
			);
			runOnlyForDeploymentPostprocessing = 0;
		};
		312AAD7C2B441EB0001E0BD5 /* Frameworks */ = {
			isa = PBXFrameworksBuildPhase;
			buildActionMask = 2147483647;
			files = (
			);
			runOnlyForDeploymentPostprocessing = 0;
		};
/* End PBXFrameworksBuildPhase section */

/* Begin PBXGroup section */
		312AAD562B441EAD001E0BD5 = {
			isa = PBXGroup;
			children = (
				312AAD612B441EAD001E0BD5 /* news */,
				312AAD782B441EB0001E0BD5 /* newsTests */,
				312AAD822B441EB0001E0BD5 /* newsUITests */,
				312AAD602B441EAD001E0BD5 /* Products */,
			);
			sourceTree = "<group>";
		};
		312AAD602B441EAD001E0BD5 /* Products */ = {
			isa = PBXGroup;
			children = (
				312AAD5F2B441EAD001E0BD5 /* news.app */,
				312AAD752B441EB0001E0BD5 /* newsTests.xctest */,
				312AAD7F2B441EB0001E0BD5 /* newsUITests.xctest */,
			);
			name = Products;
			sourceTree = "<group>";
		};
		312AAD612B441EAD001E0BD5 /* news */ = {
			isa = PBXGroup;
			children = (
				312AAD622B441EAD001E0BD5 /* AppDelegate.swift */,
				312AAD642B441EAD001E0BD5 /* SceneDelegate.swift */,
				312AAD942B44217F001E0BD5 /* File.swift */,
				312AAD922B4420B1001E0BD5 /* TabelTableViewController.swift */,
				312AAD682B441EAE001E0BD5 /* Main.storyboard */,
				312AAD6B2B441EB0001E0BD5 /* Assets.xcassets */,
				312AAD6D2B441EB0001E0BD5 /* LaunchScreen.storyboard */,
				312AAD702B441EB0001E0BD5 /* Info.plist */,
			);
			path = news;
			sourceTree = "<group>";
		};
		312AAD782B441EB0001E0BD5 /* newsTests */ = {
			isa = PBXGroup;
			children = (
				312AAD792B441EB0001E0BD5 /* newsTests.swift */,
			);
			path = newsTests;
			sourceTree = "<group>";
		};
		312AAD822B441EB0001E0BD5 /* newsUITests */ = {
			isa = PBXGroup;
			children = (
				312AAD832B441EB0001E0BD5 /* newsUITests.swift */,
				312AAD852B441EB0001E0BD5 /* newsUITestsLaunchTests.swift */,
			);
			path = newsUITests;
			sourceTree = "<group>";
		};
/* End PBXGroup section */

/* Begin PBXNativeTarget section */
		312AAD5E2B441EAD001E0BD5 /* news */ = {
			isa = PBXNativeTarget;
			buildConfigurationList = 312AAD892B441EB0001E0BD5 /* Build configuration list for PBXNativeTarget "news" */;
			buildPhases = (
				312AAD5B2B441EAD001E0BD5 /* Sources */,
				312AAD5C2B441EAD001E0BD5 /* Frameworks */,
				312AAD5D2B441EAD001E0BD5 /* Resources */,
			);
			buildRules = (
			);
			dependencies = (
			);
			name = news;
			productName = news;
			productReference = 312AAD5F2B441EAD001E0BD5 /* news.app */;
			productType = "com.apple.product-type.application";
		};
		312AAD742B441EB0001E0BD5 /* newsTests */ = {
			isa = PBXNativeTarget;
			buildConfigurationList = 312AAD8C2B441EB0001E0BD5 /* Build configuration list for PBXNativeTarget "newsTests" */;
			buildPhases = (
				312AAD712B441EB0001E0BD5 /* Sources */,
				312AAD722B441EB0001E0BD5 /* Frameworks */,
				312AAD732B441EB0001E0BD5 /* Resources */,
			);
			buildRules = (
			);
			dependencies = (
				312AAD772B441EB0001E0BD5 /* PBXTargetDependency */,
			);
			name = newsTests;
			productName = newsTests;
			productReference = 312AAD752B441EB0001E0BD5 /* newsTests.xctest */;
			productType = "com.apple.product-type.bundle.unit-test";
		};
		312AAD7E2B441EB0001E0BD5 /* newsUITests */ = {
			isa = PBXNativeTarget;
			buildConfigurationList = 312AAD8F2B441EB0001E0BD5 /* Build configuration list for PBXNativeTarget "newsUITests" */;
			buildPhases = (
				312AAD7B2B441EB0001E0BD5 /* Sources */,
				312AAD7C2B441EB0001E0BD5 /* Frameworks */,
				312AAD7D2B441EB0001E0BD5 /* Resources */,
			);
			buildRules = (
			);
			dependencies = (
				312AAD812B441EB0001E0BD5 /* PBXTargetDependency */,
			);
			name = newsUITests;
			productName = newsUITests;
			productReference = 312AAD7F2B441EB0001E0BD5 /* newsUITests.xctest */;
			productType = "com.apple.product-type.bundle.ui-testing";
		};
/* End PBXNativeTarget section */

/* Begin PBXProject section */
		312AAD572B441EAD001E0BD5 /* Project object */ = {
			isa = PBXProject;
			attributes = {
				BuildIndependentTargetsInParallel = 1;
				LastSwiftUpdateCheck = 1430;
				LastUpgradeCheck = 1430;
				TargetAttributes = {
					312AAD5E2B441EAD001E0BD5 = {
						CreatedOnToolsVersion = 14.3.1;
					};
					312AAD742B441EB0001E0BD5 = {
						CreatedOnToolsVersion = 14.3.1;
						TestTargetID = 312AAD5E2B441EAD001E0BD5;
					};
					312AAD7E2B441EB0001E0BD5 = {
						CreatedOnToolsVersion = 14.3.1;
						TestTargetID = 312AAD5E2B441EAD001E0BD5;
					};
				};
			};
			buildConfigurationList = 312AAD5A2B441EAD001E0BD5 /* Build configuration list for PBXProject "news" */;
			compatibilityVersion = "Xcode 14.0";
			developmentRegion = en;
			hasScannedForEncodings = 0;
			knownRegions = (
				en,
				Base,
			);
			mainGroup = 312AAD562B441EAD001E0BD5;
			productRefGroup = 312AAD602B441EAD001E0BD5 /* Products */;
			projectDirPath = "";
			projectRoot = "";
			targets = (
				312AAD5E2B441EAD001E0BD5 /* news */,
				312AAD742B441EB0001E0BD5 /* newsTests */,
				312AAD7E2B441EB0001E0BD5 /* newsUITests */,
			);
		};
/* End PBXProject section */

/* Begin PBXResourcesBuildPhase section */
		312AAD5D2B441EAD001E0BD5 /* Resources */ = {
			isa = PBXResourcesBuildPhase;
			buildActionMask = 2147483647;
			files = (
				312AAD6F2B441EB0001E0BD5 /* LaunchScreen.storyboard in Resources */,
				312AAD6C2B441EB0001E0BD5 /* Assets.xcassets in Resources */,
				312AAD6A2B441EAE001E0BD5 /* Main.storyboard in Resources */,
			);
			runOnlyForDeploymentPostprocessing = 0;
		};
		312AAD732B441EB0001E0BD5 /* Resources */ = {
			isa = PBXResourcesBuildPhase;
			buildActionMask = 2147483647;
			files = (
			);
			runOnlyForDeploymentPostprocessing = 0;
		};
		312AAD7D2B441EB0001E0BD5 /* Resources */ = {
			isa = PBXResourcesBuildPhase;
			buildActionMask = 2147483647;
			files = (
			);
			runOnlyForDeploymentPostprocessing = 0;
		};
/* End PBXResourcesBuildPhase section */

/* Begin PBXSourcesBuildPhase section */
		312AAD5B2B441EAD001E0BD5 /* Sources */ = {
			isa = PBXSourcesBuildPhase;
			buildActionMask = 2147483647;
			files = (
				312AAD932B4420B1001E0BD5 /* TabelTableViewController.swift in Sources */,
				312AAD952B44217F001E0BD5 /* File.swift in Sources */,
				312AAD632B441EAD001E0BD5 /* AppDelegate.swift in Sources */,
				312AAD652B441EAD001E0BD5 /* SceneDelegate.swift in Sources */,
			);
			runOnlyForDeploymentPostprocessing = 0;
		};
		312AAD712B441EB0001E0BD5 /* Sources */ = {
			isa = PBXSourcesBuildPhase;
			buildActionMask = 2147483647;
			files = (
				312AAD7A2B441EB0001E0BD5 /* newsTests.swift in Sources */,
			);
			runOnlyForDeploymentPostprocessing = 0;
		};
		312AAD7B2B441EB0001E0BD5 /* Sources */ = {
			isa = PBXSourcesBuildPhase;
			buildActionMask = 2147483647;
			files = (
				312AAD842B441EB0001E0BD5 /* newsUITests.swift in Sources */,
				312AAD862B441EB0001E0BD5 /* newsUITestsLaunchTests.swift in Sources */,
			);
			runOnlyForDeploymentPostprocessing = 0;
		};
/* End PBXSourcesBuildPhase section */

/* Begin PBXTargetDependency section */
		312AAD772B441EB0001E0BD5 /* PBXTargetDependency */ = {
			isa = PBXTargetDependency;
			target = 312AAD5E2B441EAD001E0BD5 /* news */;
			targetProxy = 312AAD762B441EB0001E0BD5 /* PBXContainerItemProxy */;
		};
		312AAD812B441EB0001E0BD5 /* PBXTargetDependency */ = {
			isa = PBXTargetDependency;
			target = 312AAD5E2B441EAD001E0BD5 /* news */;
			targetProxy = 312AAD802B441EB0001E0BD5 /* PBXContainerItemProxy */;
		};
/* End PBXTargetDependency section */

/* Begin PBXVariantGroup section */
		312AAD682B441EAE001E0BD5 /* Main.storyboard */ = {
			isa = PBXVariantGroup;
			children = (
				312AAD692B441EAE001E0BD5 /* Base */,
			);
			name = Main.storyboard;
			sourceTree = "<group>";
		};
		312AAD6D2B441EB0001E0BD5 /* LaunchScreen.storyboard */ = {
			isa = PBXVariantGroup;
			children = (
				312AAD6E2B441EB0001E0BD5 /* Base */,
			);
			name = LaunchScreen.storyboard;
			sourceTree = "<group>";
		};
/* End PBXVariantGroup section */

/* Begin XCBuildConfiguration section */
		312AAD872B441EB0001E0BD5 /* Debug */ = {
			isa = XCBuildConfiguration;
			buildSettings = {
				ALWAYS_SEARCH_USER_PATHS = NO;
				CLANG_ANALYZER_NONNULL = YES;
				CLANG_ANALYZER_NUMBER_OBJECT_CONVERSION = YES_AGGRESSIVE;
				CLANG_CXX_LANGUAGE_STANDARD = "gnu++20";
				CLANG_ENABLE_MODULES = YES;
				CLANG_ENABLE_OBJC_ARC = YES;
				CLANG_ENABLE_OBJC_WEAK = YES;
				CLANG_WARN_BLOCK_CAPTURE_AUTORELEASING = YES;
				CLANG_WARN_BOOL_CONVERSION = YES;
				CLANG_WARN_COMMA = YES;
				CLANG_WARN_CONSTANT_CONVERSION = YES;
				CLANG_WARN_DEPRECATED_OBJC_IMPLEMENTATIONS = YES;
				CLANG_WARN_DIRECT_OBJC_ISA_USAGE = YES_ERROR;
				CLANG_WARN_DOCUMENTATION_COMMENTS = YES;
				CLANG_WARN_EMPTY_BODY = YES;
				CLANG_WARN_ENUM_CONVERSION = YES;
				CLANG_WARN_INFINITE_RECURSION = YES;
				CLANG_WARN_INT_CONVERSION = YES;
				CLANG_WARN_NON_LITERAL_NULL_CONVERSION = YES;
				CLANG_WARN_OBJC_IMPLICIT_RETAIN_SELF = YES;
				CLANG_WARN_OBJC_LITERAL_CONVERSION = YES;
				CLANG_WARN_OBJC_ROOT_CLASS = YES_ERROR;
				CLANG_WARN_QUOTED_INCLUDE_IN_FRAMEWORK_HEADER = YES;
				CLANG_WARN_RANGE_LOOP_ANALYSIS = YES;
				CLANG_WARN_STRICT_PROTOTYPES = YES;
				CLANG_WARN_SUSPICIOUS_MOVE = YES;
				CLANG_WARN_UNGUARDED_AVAILABILITY = YES_AGGRESSIVE;
				CLANG_WARN_UNREACHABLE_CODE = YES;
				CLANG_WARN__DUPLICATE_METHOD_MATCH = YES;
				COPY_PHASE_STRIP = NO;
				DEBUG_INFORMATION_FORMAT = dwarf;
				ENABLE_STRICT_OBJC_MSGSEND = YES;
				ENABLE_TESTABILITY = YES;
				GCC_C_LANGUAGE_STANDARD = gnu11;
				GCC_DYNAMIC_NO_PIC = NO;
				GCC_NO_COMMON_BLOCKS = YES;
				GCC_OPTIMIZATION_LEVEL = 0;
				GCC_PREPROCESSOR_DEFINITIONS = (
					"DEBUG=1",
					"$(inherited)",
				);
				GCC_WARN_64_TO_32_BIT_CONVERSION = YES;
				GCC_WARN_ABOUT_RETURN_TYPE = YES_ERROR;
				GCC_WARN_UNDECLARED_SELECTOR = YES;
				GCC_WARN_UNINITIALIZED_AUTOS = YES_AGGRESSIVE;
				GCC_WARN_UNUSED_FUNCTION = YES;
				GCC_WARN_UNUSED_VARIABLE = YES;
				IPHONEOS_DEPLOYMENT_TARGET = 16.4;
				MTL_ENABLE_DEBUG_INFO = INCLUDE_SOURCE;
				MTL_FAST_MATH = YES;
				ONLY_ACTIVE_ARCH = YES;
				SDKROOT = iphoneos;
				SWIFT_ACTIVE_COMPILATION_CONDITIONS = DEBUG;
				SWIFT_OPTIMIZATION_LEVEL = "-Onone";
			};
			name = Debug;
		};
		312AAD882B441EB0001E0BD5 /* Release */ = {
			isa = XCBuildConfiguration;
			buildSettings = {
				ALWAYS_SEARCH_USER_PATHS = NO;
				CLANG_ANALYZER_NONNULL = YES;
				CLANG_ANALYZER_NUMBER_OBJECT_CONVERSION = YES_AGGRESSIVE;
				CLANG_CXX_LANGUAGE_STANDARD = "gnu++20";
				CLANG_ENABLE_MODULES = YES;
				CLANG_ENABLE_OBJC_ARC = YES;
				CLANG_ENABLE_OBJC_WEAK = YES;
				CLANG_WARN_BLOCK_CAPTURE_AUTORELEASING = YES;
				CLANG_WARN_BOOL_CONVERSION = YES;
				CLANG_WARN_COMMA = YES;
				CLANG_WARN_CONSTANT_CONVERSION = YES;
				CLANG_WARN_DEPRECATED_OBJC_IMPLEMENTATIONS = YES;
				CLANG_WARN_DIRECT_OBJC_ISA_USAGE = YES_ERROR;
				CLANG_WARN_DOCUMENTATION_COMMENTS = YES;
				CLANG_WARN_EMPTY_BODY = YES;
				CLANG_WARN_ENUM_CONVERSION = YES;
				CLANG_WARN_INFINITE_RECURSION = YES;
				CLANG_WARN_INT_CONVERSION = YES;
				CLANG_WARN_NON_LITERAL_NULL_CONVERSION = YES;
				CLANG_WARN_OBJC_IMPLICIT_RETAIN_SELF = YES;
				CLANG_WARN_OBJC_LITERAL_CONVERSION = YES;
				CLANG_WARN_OBJC_ROOT_CLASS = YES_ERROR;
				CLANG_WARN_QUOTED_INCLUDE_IN_FRAMEWORK_HEADER = YES;
				CLANG_WARN_RANGE_LOOP_ANALYSIS = YES;
				CLANG_WARN_STRICT_PROTOTYPES = YES;
				CLANG_WARN_SUSPICIOUS_MOVE = YES;
				CLANG_WARN_UNGUARDED_AVAILABILITY = YES_AGGRESSIVE;
				CLANG_WARN_UNREACHABLE_CODE = YES;
				CLANG_WARN__DUPLICATE_METHOD_MATCH = YES;
				COPY_PHASE_STRIP = NO;
				DEBUG_INFORMATION_FORMAT = "dwarf-with-dsym";
				ENABLE_NS_ASSERTIONS = NO;
				ENABLE_STRICT_OBJC_MSGSEND = YES;
				GCC_C_LANGUAGE_STANDARD = gnu11;
				GCC_NO_COMMON_BLOCKS = YES;
				GCC_WARN_64_TO_32_BIT_CONVERSION = YES;
				GCC_WARN_ABOUT_RETURN_TYPE = YES_ERROR;
				GCC_WARN_UNDECLARED_SELECTOR = YES;
				GCC_WARN_UNINITIALIZED_AUTOS = YES_AGGRESSIVE;
				GCC_WARN_UNUSED_FUNCTION = YES;
				GCC_WARN_UNUSED_VARIABLE = YES;
				IPHONEOS_DEPLOYMENT_TARGET = 16.4;
				MTL_ENABLE_DEBUG_INFO = NO;
				MTL_FAST_MATH = YES;
				SDKROOT = iphoneos;
				SWIFT_COMPILATION_MODE = wholemodule;
				SWIFT_OPTIMIZATION_LEVEL = "-O";
				VALIDATE_PRODUCT = YES;
			};
			name = Release;
		};
		312AAD8A2B441EB0001E0BD5 /* Debug */ = {
			isa = XCBuildConfiguration;
			buildSettings = {
				ASSETCATALOG_COMPILER_APPICON_NAME = AppIcon;
				ASSETCATALOG_COMPILER_GLOBAL_ACCENT_COLOR_NAME = AccentColor;
				CODE_SIGN_STYLE = Automatic;
				CURRENT_PROJECT_VERSION = 1;
				GENERATE_INFOPLIST_FILE = YES;
				INFOPLIST_FILE = news/Info.plist;
				INFOPLIST_KEY_UIApplicationSupportsIndirectInputEvents = YES;
				INFOPLIST_KEY_UILaunchStoryboardName = LaunchScreen;
				INFOPLIST_KEY_UIMainStoryboardFile = Main;
				INFOPLIST_KEY_UISupportedInterfaceOrientations_iPad = "UIInterfaceOrientationPortrait UIInterfaceOrientationPortraitUpsideDown UIInterfaceOrientationLandscapeLeft UIInterfaceOrientationLandscapeRight";
				INFOPLIST_KEY_UISupportedInterfaceOrientations_iPhone = "UIInterfaceOrientationPortrait UIInterfaceOrientationLandscapeLeft UIInterfaceOrientationLandscapeRight";
				LD_RUNPATH_SEARCH_PATHS = (
					"$(inherited)",
					"@executable_path/Frameworks",
				);
				MARKETING_VERSION = 1.0;
				PRODUCT_BUNDLE_IDENTIFIER = amelie.news;
				PRODUCT_NAME = "$(TARGET_NAME)";
				SWIFT_EMIT_LOC_STRINGS = YES;
				SWIFT_VERSION = 5.0;
				TARGETED_DEVICE_FAMILY = "1,2";
			};
			name = Debug;
		};
		312AAD8B2B441EB0001E0BD5 /* Release */ = {
			isa = XCBuildConfiguration;
			buildSettings = {
				ASSETCATALOG_COMPILER_APPICON_NAME = AppIcon;
				ASSETCATALOG_COMPILER_GLOBAL_ACCENT_COLOR_NAME = AccentColor;
				CODE_SIGN_STYLE = Automatic;
				CURRENT_PROJECT_VERSION = 1;
				GENERATE_INFOPLIST_FILE = YES;
				INFOPLIST_FILE = news/Info.plist;
				INFOPLIST_KEY_UIApplicationSupportsIndirectInputEvents = YES;
				INFOPLIST_KEY_UILaunchStoryboardName = LaunchScreen;
				INFOPLIST_KEY_UIMainStoryboardFile = Main;
				INFOPLIST_KEY_UISupportedInterfaceOrientations_iPad = "UIInterfaceOrientationPortrait UIInterfaceOrientationPortraitUpsideDown UIInterfaceOrientationLandscapeLeft UIInterfaceOrientationLandscapeRight";
				INFOPLIST_KEY_UISupportedInterfaceOrientations_iPhone = "UIInterfaceOrientationPortrait UIInterfaceOrientationLandscapeLeft UIInterfaceOrientationLandscapeRight";
				LD_RUNPATH_SEARCH_PATHS = (
					"$(inherited)",
					"@executable_path/Frameworks",
				);
				MARKETING_VERSION = 1.0;
				PRODUCT_BUNDLE_IDENTIFIER = amelie.news;
				PRODUCT_NAME = "$(TARGET_NAME)";
				SWIFT_EMIT_LOC_STRINGS = YES;
				SWIFT_VERSION = 5.0;
				TARGETED_DEVICE_FAMILY = "1,2";
			};
			name = Release;
		};
		312AAD8D2B441EB0001E0BD5 /* Debug */ = {
			isa = XCBuildConfiguration;
			buildSettings = {
				ALWAYS_EMBED_SWIFT_STANDARD_LIBRARIES = YES;
				BUNDLE_LOADER = "$(TEST_HOST)";
				CODE_SIGN_STYLE = Automatic;
				CURRENT_PROJECT_VERSION = 1;
				GENERATE_INFOPLIST_FILE = YES;
				IPHONEOS_DEPLOYMENT_TARGET = 16.4;
				MARKETING_VERSION = 1.0;
				PRODUCT_BUNDLE_IDENTIFIER = amelie.newsTests;
				PRODUCT_NAME = "$(TARGET_NAME)";
				SWIFT_EMIT_LOC_STRINGS = NO;
				SWIFT_VERSION = 5.0;
				TARGETED_DEVICE_FAMILY = "1,2";
				TEST_HOST = "$(BUILT_PRODUCTS_DIR)/news.app/$(BUNDLE_EXECUTABLE_FOLDER_PATH)/news";
			};
			name = Debug;
		};
		312AAD8E2B441EB0001E0BD5 /* Release */ = {
			isa = XCBuildConfiguration;
			buildSettings = {
				ALWAYS_EMBED_SWIFT_STANDARD_LIBRARIES = YES;
				BUNDLE_LOADER = "$(TEST_HOST)";
				CODE_SIGN_STYLE = Automatic;
				CURRENT_PROJECT_VERSION = 1;
				GENERATE_INFOPLIST_FILE = YES;
				IPHONEOS_DEPLOYMENT_TARGET = 16.4;
				MARKETING_VERSION = 1.0;
				PRODUCT_BUNDLE_IDENTIFIER = amelie.newsTests;
				PRODUCT_NAME = "$(TARGET_NAME)";
				SWIFT_EMIT_LOC_STRINGS = NO;
				SWIFT_VERSION = 5.0;
				TARGETED_DEVICE_FAMILY = "1,2";
				TEST_HOST = "$(BUILT_PRODUCTS_DIR)/news.app/$(BUNDLE_EXECUTABLE_FOLDER_PATH)/news";
			};
			name = Release;
		};
		312AAD902B441EB0001E0BD5 /* Debug */ = {
			isa = XCBuildConfiguration;
			buildSettings = {
				ALWAYS_EMBED_SWIFT_STANDARD_LIBRARIES = YES;
				CODE_SIGN_STYLE = Automatic;
				CURRENT_PROJECT_VERSION = 1;
				GENERATE_INFOPLIST_FILE = YES;
				MARKETING_VERSION = 1.0;
				PRODUCT_BUNDLE_IDENTIFIER = amelie.newsUITests;
				PRODUCT_NAME = "$(TARGET_NAME)";
				SWIFT_EMIT_LOC_STRINGS = NO;
				SWIFT_VERSION = 5.0;
				TARGETED_DEVICE_FAMILY = "1,2";
				TEST_TARGET_NAME = news;
			};
			name = Debug;
		};
		312AAD912B441EB0001E0BD5 /* Release */ = {
			isa = XCBuildConfiguration;
			buildSettings = {
				ALWAYS_EMBED_SWIFT_STANDARD_LIBRARIES = YES;
				CODE_SIGN_STYLE = Automatic;
				CURRENT_PROJECT_VERSION = 1;
				GENERATE_INFOPLIST_FILE = YES;
				MARKETING_VERSION = 1.0;
				PRODUCT_BUNDLE_IDENTIFIER = amelie.newsUITests;
				PRODUCT_NAME = "$(TARGET_NAME)";
				SWIFT_EMIT_LOC_STRINGS = NO;
				SWIFT_VERSION = 5.0;
				TARGETED_DEVICE_FAMILY = "1,2";
				TEST_TARGET_NAME = news;
			};
			name = Release;
		};
/* End XCBuildConfiguration section */

/* Begin XCConfigurationList section */
		312AAD5A2B441EAD001E0BD5 /* Build configuration list for PBXProject "news" */ = {
			isa = XCConfigurationList;
			buildConfigurations = (
				312AAD872B441EB0001E0BD5 /* Debug */,
				312AAD882B441EB0001E0BD5 /* Release */,
			);
			defaultConfigurationIsVisible = 0;
			defaultConfigurationName = Release;
		};
		312AAD892B441EB0001E0BD5 /* Build configuration list for PBXNativeTarget "news" */ = {
			isa = XCConfigurationList;
			buildConfigurations = (
				312AAD8A2B441EB0001E0BD5 /* Debug */,
				312AAD8B2B441EB0001E0BD5 /* Release */,
			);
			defaultConfigurationIsVisible = 0;
			defaultConfigurationName = Release;
		};
		312AAD8C2B441EB0001E0BD5 /* Build configuration list for PBXNativeTarget "newsTests" */ = {
			isa = XCConfigurationList;
			buildConfigurations = (
				312AAD8D2B441EB0001E0BD5 /* Debug */,
				312AAD8E2B441EB0001E0BD5 /* Release */,
			);
			defaultConfigurationIsVisible = 0;
			defaultConfigurationName = Release;
		};
		312AAD8F2B441EB0001E0BD5 /* Build configuration list for PBXNativeTarget "newsUITests" */ = {
			isa = XCConfigurationList;
			buildConfigurations = (
				312AAD902B441EB0001E0BD5 /* Debug */,
				312AAD912B441EB0001E0BD5 /* Release */,
			);
			defaultConfigurationIsVisible = 0;
			defaultConfigurationName = Release;
		};
/* End XCConfigurationList section */
	};
	rootObject = 312AAD572B441EAD001E0BD5 /* Project object */;
}
